// !$*UTF8*$!
{
	archiveVersion = 1;
	classes = {
	};
	objectVersion = 51;
	objects = {

/* Begin PBXBuildFile section */
		4930C5FC23B03940BE1D08D8 /* Pods_RappiPlay_RappiPlayUITests.framework in Frameworks */ = {isa = PBXBuildFile; fileRef = 8830313CB0A24D89192C4D6D /* Pods_RappiPlay_RappiPlayUITests.framework */; };
		5DB8DF51537E885CD3267832 /* Pods_RappiPlay.framework in Frameworks */ = {isa = PBXBuildFile; fileRef = 367077EF566CFE8243B5B31B /* Pods_RappiPlay.framework */; };
		F03D354527155CA700681286 /* AppDelegate.swift in Sources */ = {isa = PBXBuildFile; fileRef = F03D354427155CA700681286 /* AppDelegate.swift */; };
		F03D354727155CA700681286 /* SceneDelegate.swift in Sources */ = {isa = PBXBuildFile; fileRef = F03D354627155CA700681286 /* SceneDelegate.swift */; };
		F03D354927155CA700681286 /* ViewController.swift in Sources */ = {isa = PBXBuildFile; fileRef = F03D354827155CA700681286 /* ViewController.swift */; };
		F03D354C27155CA700681286 /* Main.storyboard in Resources */ = {isa = PBXBuildFile; fileRef = F03D354A27155CA700681286 /* Main.storyboard */; };
		F03D354E27155CB200681286 /* Assets.xcassets in Resources */ = {isa = PBXBuildFile; fileRef = F03D354D27155CB200681286 /* Assets.xcassets */; };
		F03D355127155CB200681286 /* LaunchScreen.storyboard in Resources */ = {isa = PBXBuildFile; fileRef = F03D354F27155CB200681286 /* LaunchScreen.storyboard */; };
		F03D355C27155CB200681286 /* RappiPlayTests.swift in Sources */ = {isa = PBXBuildFile; fileRef = F03D355B27155CB200681286 /* RappiPlayTests.swift */; };
		F03D356727155CB200681286 /* RappiPlayUITests.swift in Sources */ = {isa = PBXBuildFile; fileRef = F03D356627155CB200681286 /* RappiPlayUITests.swift */; };
		F03D35AB2715652E00681286 /* MovieService.swift in Sources */ = {isa = PBXBuildFile; fileRef = F03D35AA2715652E00681286 /* MovieService.swift */; };
		F03D35AC2715652E00681286 /* MovieService.swift in Sources */ = {isa = PBXBuildFile; fileRef = F03D35AA2715652E00681286 /* MovieService.swift */; };
		F03D35B42716BC9A00681286 /* LandingModel.swift in Sources */ = {isa = PBXBuildFile; fileRef = F03D35B12716BC9A00681286 /* LandingModel.swift */; };
		F03D35B52716BC9A00681286 /* LandingModel.swift in Sources */ = {isa = PBXBuildFile; fileRef = F03D35B12716BC9A00681286 /* LandingModel.swift */; };
		F03D35B62716BC9A00681286 /* LandingViewController.swift in Sources */ = {isa = PBXBuildFile; fileRef = F03D35B22716BC9A00681286 /* LandingViewController.swift */; };
		F03D35B72716BC9A00681286 /* LandingViewController.swift in Sources */ = {isa = PBXBuildFile; fileRef = F03D35B22716BC9A00681286 /* LandingViewController.swift */; };
		F03D35B82716BC9A00681286 /* CategoryCollectionViewCell.swift in Sources */ = {isa = PBXBuildFile; fileRef = F03D35B32716BC9A00681286 /* CategoryCollectionViewCell.swift */; };
		F03D35B92716BC9A00681286 /* CategoryCollectionViewCell.swift in Sources */ = {isa = PBXBuildFile; fileRef = F03D35B32716BC9A00681286 /* CategoryCollectionViewCell.swift */; };
		F03D35C02716CBA500681286 /* ViewControllerExtension.swift in Sources */ = {isa = PBXBuildFile; fileRef = F03D35BE2716CBA500681286 /* ViewControllerExtension.swift */; };
		F03D35C12716CBA500681286 /* ViewControllerExtension.swift in Sources */ = {isa = PBXBuildFile; fileRef = F03D35BE2716CBA500681286 /* ViewControllerExtension.swift */; };
		F03D35C22716CBA500681286 /* UrlImageView.swift in Sources */ = {isa = PBXBuildFile; fileRef = F03D35BF2716CBA500681286 /* UrlImageView.swift */; };
		F03D35C32716CBA500681286 /* UrlImageView.swift in Sources */ = {isa = PBXBuildFile; fileRef = F03D35BF2716CBA500681286 /* UrlImageView.swift */; };
		FC9313E795A72BDCA9DC9733 /* Pods_RappiPlayTests.framework in Frameworks */ = {isa = PBXBuildFile; fileRef = 5BFAF7C01AB3605E0BEFF5D8 /* Pods_RappiPlayTests.framework */; };
/* End PBXBuildFile section */

/* Begin PBXContainerItemProxy section */
		F03D355827155CB200681286 /* PBXContainerItemProxy */ = {
			isa = PBXContainerItemProxy;
			containerPortal = F03D353927155CA700681286 /* Project object */;
			proxyType = 1;
			remoteGlobalIDString = F03D354027155CA700681286;
			remoteInfo = RappiPlay;
		};
		F03D356327155CB200681286 /* PBXContainerItemProxy */ = {
			isa = PBXContainerItemProxy;
			containerPortal = F03D353927155CA700681286 /* Project object */;
			proxyType = 1;
			remoteGlobalIDString = F03D354027155CA700681286;
			remoteInfo = RappiPlay;
		};
/* End PBXContainerItemProxy section */

/* Begin PBXFileReference section */
		288F5147EB946FEF67B8516F /* Pods-RappiPlay-RappiPlayUITests.release.xcconfig */ = {isa = PBXFileReference; includeInIndex = 1; lastKnownFileType = text.xcconfig; name = "Pods-RappiPlay-RappiPlayUITests.release.xcconfig"; path = "Target Support Files/Pods-RappiPlay-RappiPlayUITests/Pods-RappiPlay-RappiPlayUITests.release.xcconfig"; sourceTree = "<group>"; };
		2B087D2A593A1664EF33D5A5 /* Pods-RappiPlayTests.release.xcconfig */ = {isa = PBXFileReference; includeInIndex = 1; lastKnownFileType = text.xcconfig; name = "Pods-RappiPlayTests.release.xcconfig"; path = "Target Support Files/Pods-RappiPlayTests/Pods-RappiPlayTests.release.xcconfig"; sourceTree = "<group>"; };
		367077EF566CFE8243B5B31B /* Pods_RappiPlay.framework */ = {isa = PBXFileReference; explicitFileType = wrapper.framework; includeInIndex = 0; path = Pods_RappiPlay.framework; sourceTree = BUILT_PRODUCTS_DIR; };
		4B35118A7AA8938BA779E01D /* Pods-RappiPlay.release.xcconfig */ = {isa = PBXFileReference; includeInIndex = 1; lastKnownFileType = text.xcconfig; name = "Pods-RappiPlay.release.xcconfig"; path = "Target Support Files/Pods-RappiPlay/Pods-RappiPlay.release.xcconfig"; sourceTree = "<group>"; };
		5631E1A9E603AFDE71AA7B73 /* Pods-RappiPlayTests.debug.xcconfig */ = {isa = PBXFileReference; includeInIndex = 1; lastKnownFileType = text.xcconfig; name = "Pods-RappiPlayTests.debug.xcconfig"; path = "Target Support Files/Pods-RappiPlayTests/Pods-RappiPlayTests.debug.xcconfig"; sourceTree = "<group>"; };
		5BFAF7C01AB3605E0BEFF5D8 /* Pods_RappiPlayTests.framework */ = {isa = PBXFileReference; explicitFileType = wrapper.framework; includeInIndex = 0; path = Pods_RappiPlayTests.framework; sourceTree = BUILT_PRODUCTS_DIR; };
		5E3DC727A91712661BE5DAE6 /* Pods-RappiPlay.debug.xcconfig */ = {isa = PBXFileReference; includeInIndex = 1; lastKnownFileType = text.xcconfig; name = "Pods-RappiPlay.debug.xcconfig"; path = "Target Support Files/Pods-RappiPlay/Pods-RappiPlay.debug.xcconfig"; sourceTree = "<group>"; };
		8830313CB0A24D89192C4D6D /* Pods_RappiPlay_RappiPlayUITests.framework */ = {isa = PBXFileReference; explicitFileType = wrapper.framework; includeInIndex = 0; path = Pods_RappiPlay_RappiPlayUITests.framework; sourceTree = BUILT_PRODUCTS_DIR; };
		A4F3FBAC400123F917A7655B /* Pods-RappiPlay-RappiPlayUITests.debug.xcconfig */ = {isa = PBXFileReference; includeInIndex = 1; lastKnownFileType = text.xcconfig; name = "Pods-RappiPlay-RappiPlayUITests.debug.xcconfig"; path = "Target Support Files/Pods-RappiPlay-RappiPlayUITests/Pods-RappiPlay-RappiPlayUITests.debug.xcconfig"; sourceTree = "<group>"; };
		F03D354127155CA700681286 /* RappiPlay.app */ = {isa = PBXFileReference; explicitFileType = wrapper.application; includeInIndex = 0; path = RappiPlay.app; sourceTree = BUILT_PRODUCTS_DIR; };
		F03D354427155CA700681286 /* AppDelegate.swift */ = {isa = PBXFileReference; lastKnownFileType = sourcecode.swift; path = AppDelegate.swift; sourceTree = "<group>"; };
		F03D354627155CA700681286 /* SceneDelegate.swift */ = {isa = PBXFileReference; lastKnownFileType = sourcecode.swift; path = SceneDelegate.swift; sourceTree = "<group>"; };
		F03D354827155CA700681286 /* ViewController.swift */ = {isa = PBXFileReference; lastKnownFileType = sourcecode.swift; path = ViewController.swift; sourceTree = "<group>"; };
		F03D354B27155CA700681286 /* Base */ = {isa = PBXFileReference; lastKnownFileType = file.storyboard; name = Base; path = Base.lproj/Main.storyboard; sourceTree = "<group>"; };
		F03D354D27155CB200681286 /* Assets.xcassets */ = {isa = PBXFileReference; lastKnownFileType = folder.assetcatalog; path = Assets.xcassets; sourceTree = "<group>"; };
		F03D355027155CB200681286 /* Base */ = {isa = PBXFileReference; lastKnownFileType = file.storyboard; name = Base; path = Base.lproj/LaunchScreen.storyboard; sourceTree = "<group>"; };
		F03D355227155CB200681286 /* Info.plist */ = {isa = PBXFileReference; lastKnownFileType = text.plist.xml; path = Info.plist; sourceTree = "<group>"; };
		F03D355727155CB200681286 /* RappiPlayTests.xctest */ = {isa = PBXFileReference; explicitFileType = wrapper.cfbundle; includeInIndex = 0; path = RappiPlayTests.xctest; sourceTree = BUILT_PRODUCTS_DIR; };
		F03D355B27155CB200681286 /* RappiPlayTests.swift */ = {isa = PBXFileReference; lastKnownFileType = sourcecode.swift; path = RappiPlayTests.swift; sourceTree = "<group>"; };
		F03D355D27155CB200681286 /* Info.plist */ = {isa = PBXFileReference; lastKnownFileType = text.plist.xml; path = Info.plist; sourceTree = "<group>"; };
		F03D356227155CB200681286 /* RappiPlayUITests.xctest */ = {isa = PBXFileReference; explicitFileType = wrapper.cfbundle; includeInIndex = 0; path = RappiPlayUITests.xctest; sourceTree = BUILT_PRODUCTS_DIR; };
		F03D356627155CB200681286 /* RappiPlayUITests.swift */ = {isa = PBXFileReference; lastKnownFileType = sourcecode.swift; path = RappiPlayUITests.swift; sourceTree = "<group>"; };
		F03D356827155CB200681286 /* Info.plist */ = {isa = PBXFileReference; lastKnownFileType = text.plist.xml; path = Info.plist; sourceTree = "<group>"; };
		F03D35AA2715652E00681286 /* MovieService.swift */ = {isa = PBXFileReference; lastKnownFileType = sourcecode.swift; path = MovieService.swift; sourceTree = "<group>"; };
		F03D35B12716BC9A00681286 /* LandingModel.swift */ = {isa = PBXFileReference; fileEncoding = 4; lastKnownFileType = sourcecode.swift; path = LandingModel.swift; sourceTree = "<group>"; };
		F03D35B22716BC9A00681286 /* LandingViewController.swift */ = {isa = PBXFileReference; fileEncoding = 4; lastKnownFileType = sourcecode.swift; path = LandingViewController.swift; sourceTree = "<group>"; };
		F03D35B32716BC9A00681286 /* CategoryCollectionViewCell.swift */ = {isa = PBXFileReference; fileEncoding = 4; lastKnownFileType = sourcecode.swift; path = CategoryCollectionViewCell.swift; sourceTree = "<group>"; };
		F03D35BE2716CBA500681286 /* ViewControllerExtension.swift */ = {isa = PBXFileReference; fileEncoding = 4; lastKnownFileType = sourcecode.swift; path = ViewControllerExtension.swift; sourceTree = "<group>"; };
		F03D35BF2716CBA500681286 /* UrlImageView.swift */ = {isa = PBXFileReference; fileEncoding = 4; lastKnownFileType = sourcecode.swift; path = UrlImageView.swift; sourceTree = "<group>"; };
/* End PBXFileReference section */

/* Begin PBXFrameworksBuildPhase section */
		F03D353E27155CA700681286 /* Frameworks */ = {
			isa = PBXFrameworksBuildPhase;
			buildActionMask = 2147483647;
			files = (
				5DB8DF51537E885CD3267832 /* Pods_RappiPlay.framework in Frameworks */,
			);
			runOnlyForDeploymentPostprocessing = 0;
		};
		F03D355427155CB200681286 /* Frameworks */ = {
			isa = PBXFrameworksBuildPhase;
			buildActionMask = 2147483647;
			files = (
				FC9313E795A72BDCA9DC9733 /* Pods_RappiPlayTests.framework in Frameworks */,
			);
			runOnlyForDeploymentPostprocessing = 0;
		};
		F03D355F27155CB200681286 /* Frameworks */ = {
			isa = PBXFrameworksBuildPhase;
			buildActionMask = 2147483647;
			files = (
				4930C5FC23B03940BE1D08D8 /* Pods_RappiPlay_RappiPlayUITests.framework in Frameworks */,
			);
			runOnlyForDeploymentPostprocessing = 0;
		};
/* End PBXFrameworksBuildPhase section */

/* Begin PBXGroup section */
		8324CFD3169726B5DCFE6242 /* Frameworks */ = {
			isa = PBXGroup;
			children = (
				367077EF566CFE8243B5B31B /* Pods_RappiPlay.framework */,
				8830313CB0A24D89192C4D6D /* Pods_RappiPlay_RappiPlayUITests.framework */,
				5BFAF7C01AB3605E0BEFF5D8 /* Pods_RappiPlayTests.framework */,
			);
			name = Frameworks;
			sourceTree = "<group>";
		};
		DC67E466E6EEA2CF37C4BDA8 /* Pods */ = {
			isa = PBXGroup;
			children = (
				5E3DC727A91712661BE5DAE6 /* Pods-RappiPlay.debug.xcconfig */,
				4B35118A7AA8938BA779E01D /* Pods-RappiPlay.release.xcconfig */,
				A4F3FBAC400123F917A7655B /* Pods-RappiPlay-RappiPlayUITests.debug.xcconfig */,
				288F5147EB946FEF67B8516F /* Pods-RappiPlay-RappiPlayUITests.release.xcconfig */,
				5631E1A9E603AFDE71AA7B73 /* Pods-RappiPlayTests.debug.xcconfig */,
				2B087D2A593A1664EF33D5A5 /* Pods-RappiPlayTests.release.xcconfig */,
			);
			path = Pods;
			sourceTree = "<group>";
		};
		F03D353827155CA700681286 = {
			isa = PBXGroup;
			children = (
				F03D354327155CA700681286 /* RappiPlay */,
				F03D355A27155CB200681286 /* RappiPlayTests */,
				F03D356527155CB200681286 /* RappiPlayUITests */,
				F03D354227155CA700681286 /* Products */,
				DC67E466E6EEA2CF37C4BDA8 /* Pods */,
				8324CFD3169726B5DCFE6242 /* Frameworks */,
			);
			sourceTree = "<group>";
		};
		F03D354227155CA700681286 /* Products */ = {
			isa = PBXGroup;
			children = (
				F03D354127155CA700681286 /* RappiPlay.app */,
				F03D355727155CB200681286 /* RappiPlayTests.xctest */,
				F03D356227155CB200681286 /* RappiPlayUITests.xctest */,
			);
			name = Products;
			sourceTree = "<group>";
		};
		F03D354327155CA700681286 /* RappiPlay */ = {
			isa = PBXGroup;
			children = (
				F03D35BD2716CBA400681286 /* Utilities */,
				F03D35B02716BC9A00681286 /* Landing */,
				F03D35A3271564BE00681286 /* Services */,
				F03D354427155CA700681286 /* AppDelegate.swift */,
				F03D354627155CA700681286 /* SceneDelegate.swift */,
				F03D354827155CA700681286 /* ViewController.swift */,
				F03D354A27155CA700681286 /* Main.storyboard */,
				F03D354D27155CB200681286 /* Assets.xcassets */,
				F03D354F27155CB200681286 /* LaunchScreen.storyboard */,
				F03D355227155CB200681286 /* Info.plist */,
			);
			path = RappiPlay;
			sourceTree = "<group>";
		};
		F03D355A27155CB200681286 /* RappiPlayTests */ = {
			isa = PBXGroup;
			children = (
				F03D355B27155CB200681286 /* RappiPlayTests.swift */,
				F03D355D27155CB200681286 /* Info.plist */,
			);
			path = RappiPlayTests;
			sourceTree = "<group>";
		};
		F03D356527155CB200681286 /* RappiPlayUITests */ = {
			isa = PBXGroup;
			children = (
				F03D356627155CB200681286 /* RappiPlayUITests.swift */,
				F03D356827155CB200681286 /* Info.plist */,
			);
			path = RappiPlayUITests;
			sourceTree = "<group>";
		};
		F03D35A3271564BE00681286 /* Services */ = {
			isa = PBXGroup;
			children = (
				F03D35AA2715652E00681286 /* MovieService.swift */,
			);
			path = Services;
			sourceTree = "<group>";
		};
		F03D35B02716BC9A00681286 /* Landing */ = {
			isa = PBXGroup;
			children = (
				F03D35B12716BC9A00681286 /* LandingModel.swift */,
				F03D35B22716BC9A00681286 /* LandingViewController.swift */,
				F03D35B32716BC9A00681286 /* CategoryCollectionViewCell.swift */,
			);
			path = Landing;
			sourceTree = "<group>";
		};
		F03D35BD2716CBA400681286 /* Utilities */ = {
			isa = PBXGroup;
			children = (
				F03D35BE2716CBA500681286 /* ViewControllerExtension.swift */,
				F03D35BF2716CBA500681286 /* UrlImageView.swift */,
			);
			path = Utilities;
			sourceTree = "<group>";
		};
/* End PBXGroup section */

/* Begin PBXNativeTarget section */
		F03D354027155CA700681286 /* RappiPlay */ = {
			isa = PBXNativeTarget;
			buildConfigurationList = F03D356B27155CB200681286 /* Build configuration list for PBXNativeTarget "RappiPlay" */;
			buildPhases = (
				8E6C41143AFC74AE1D835B0D /* [CP] Check Pods Manifest.lock */,
				F03D353D27155CA700681286 /* Sources */,
				F03D353E27155CA700681286 /* Frameworks */,
				F03D353F27155CA700681286 /* Resources */,
				373300A328D20BE0F872E7AE /* [CP] Embed Pods Frameworks */,
			);
			buildRules = (
			);
			dependencies = (
			);
			name = RappiPlay;
			productName = RappiPlay;
			productReference = F03D354127155CA700681286 /* RappiPlay.app */;
			productType = "com.apple.product-type.application";
		};
		F03D355627155CB200681286 /* RappiPlayTests */ = {
			isa = PBXNativeTarget;
			buildConfigurationList = F03D356E27155CB200681286 /* Build configuration list for PBXNativeTarget "RappiPlayTests" */;
			buildPhases = (
				6039A0513A9DA7F424F8C0EF /* [CP] Check Pods Manifest.lock */,
				F03D355327155CB200681286 /* Sources */,
				F03D355427155CB200681286 /* Frameworks */,
				F03D355527155CB200681286 /* Resources */,
			);
			buildRules = (
			);
			dependencies = (
				F03D355927155CB200681286 /* PBXTargetDependency */,
			);
			name = RappiPlayTests;
			productName = RappiPlayTests;
			productReference = F03D355727155CB200681286 /* RappiPlayTests.xctest */;
			productType = "com.apple.product-type.bundle.unit-test";
		};
		F03D356127155CB200681286 /* RappiPlayUITests */ = {
			isa = PBXNativeTarget;
			buildConfigurationList = F03D357127155CB200681286 /* Build configuration list for PBXNativeTarget "RappiPlayUITests" */;
			buildPhases = (
				5909479BE8E15221500A646D /* [CP] Check Pods Manifest.lock */,
				F03D355E27155CB200681286 /* Sources */,
				F03D355F27155CB200681286 /* Frameworks */,
				F03D356027155CB200681286 /* Resources */,
				8E356CB5045F058F9F94B48B /* [CP] Embed Pods Frameworks */,
			);
			buildRules = (
			);
			dependencies = (
				F03D356427155CB200681286 /* PBXTargetDependency */,
			);
			name = RappiPlayUITests;
			productName = RappiPlayUITests;
			productReference = F03D356227155CB200681286 /* RappiPlayUITests.xctest */;
			productType = "com.apple.product-type.bundle.ui-testing";
		};
/* End PBXNativeTarget section */

/* Begin PBXProject section */
		F03D353927155CA700681286 /* Project object */ = {
			isa = PBXProject;
			attributes = {
				LastSwiftUpdateCheck = 1240;
				LastUpgradeCheck = 1240;
				TargetAttributes = {
					F03D354027155CA700681286 = {
						CreatedOnToolsVersion = 12.4;
					};
					F03D355627155CB200681286 = {
						CreatedOnToolsVersion = 12.4;
						TestTargetID = F03D354027155CA700681286;
					};
					F03D356127155CB200681286 = {
						CreatedOnToolsVersion = 12.4;
						TestTargetID = F03D354027155CA700681286;
					};
				};
			};
			buildConfigurationList = F03D353C27155CA700681286 /* Build configuration list for PBXProject "RappiPlay" */;
			compatibilityVersion = "Xcode 9.3";
			developmentRegion = en;
			hasScannedForEncodings = 0;
			knownRegions = (
				en,
				Base,
			);
			mainGroup = F03D353827155CA700681286;
			productRefGroup = F03D354227155CA700681286 /* Products */;
			projectDirPath = "";
			projectRoot = "";
			targets = (
				F03D354027155CA700681286 /* RappiPlay */,
				F03D355627155CB200681286 /* RappiPlayTests */,
				F03D356127155CB200681286 /* RappiPlayUITests */,
			);
		};
/* End PBXProject section */

/* Begin PBXResourcesBuildPhase section */
		F03D353F27155CA700681286 /* Resources */ = {
			isa = PBXResourcesBuildPhase;
			buildActionMask = 2147483647;
			files = (
				F03D355127155CB200681286 /* LaunchScreen.storyboard in Resources */,
				F03D354E27155CB200681286 /* Assets.xcassets in Resources */,
				F03D354C27155CA700681286 /* Main.storyboard in Resources */,
			);
			runOnlyForDeploymentPostprocessing = 0;
		};
		F03D355527155CB200681286 /* Resources */ = {
			isa = PBXResourcesBuildPhase;
			buildActionMask = 2147483647;
			files = (
			);
			runOnlyForDeploymentPostprocessing = 0;
		};
		F03D356027155CB200681286 /* Resources */ = {
			isa = PBXResourcesBuildPhase;
			buildActionMask = 2147483647;
			files = (
			);
			runOnlyForDeploymentPostprocessing = 0;
		};
/* End PBXResourcesBuildPhase section */

/* Begin PBXShellScriptBuildPhase section */
		373300A328D20BE0F872E7AE /* [CP] Embed Pods Frameworks */ = {
			isa = PBXShellScriptBuildPhase;
			buildActionMask = 2147483647;
			files = (
			);
			inputFileListPaths = (
				"${PODS_ROOT}/Target Support Files/Pods-RappiPlay/Pods-RappiPlay-frameworks-${CONFIGURATION}-input-files.xcfilelist",
			);
			name = "[CP] Embed Pods Frameworks";
			outputFileListPaths = (
				"${PODS_ROOT}/Target Support Files/Pods-RappiPlay/Pods-RappiPlay-frameworks-${CONFIGURATION}-output-files.xcfilelist",
			);
			runOnlyForDeploymentPostprocessing = 0;
			shellPath = /bin/sh;
			shellScript = "\"${PODS_ROOT}/Target Support Files/Pods-RappiPlay/Pods-RappiPlay-frameworks.sh\"\n";
			showEnvVarsInLog = 0;
		};
		5909479BE8E15221500A646D /* [CP] Check Pods Manifest.lock */ = {
			isa = PBXShellScriptBuildPhase;
			buildActionMask = 2147483647;
			files = (
			);
			inputFileListPaths = (
			);
			inputPaths = (
				"${PODS_PODFILE_DIR_PATH}/Podfile.lock",
				"${PODS_ROOT}/Manifest.lock",
			);
			name = "[CP] Check Pods Manifest.lock";
			outputFileListPaths = (
			);
			outputPaths = (
				"$(DERIVED_FILE_DIR)/Pods-RappiPlay-RappiPlayUITests-checkManifestLockResult.txt",
			);
			runOnlyForDeploymentPostprocessing = 0;
			shellPath = /bin/sh;
			shellScript = "diff \"${PODS_PODFILE_DIR_PATH}/Podfile.lock\" \"${PODS_ROOT}/Manifest.lock\" > /dev/null\nif [ $? != 0 ] ; then\n    # print error to STDERR\n    echo \"error: The sandbox is not in sync with the Podfile.lock. Run 'pod install' or update your CocoaPods installation.\" >&2\n    exit 1\nfi\n# This output is used by Xcode 'outputs' to avoid re-running this script phase.\necho \"SUCCESS\" > \"${SCRIPT_OUTPUT_FILE_0}\"\n";
			showEnvVarsInLog = 0;
		};
		6039A0513A9DA7F424F8C0EF /* [CP] Check Pods Manifest.lock */ = {
			isa = PBXShellScriptBuildPhase;
			buildActionMask = 2147483647;
			files = (
			);
			inputFileListPaths = (
			);
			inputPaths = (
				"${PODS_PODFILE_DIR_PATH}/Podfile.lock",
				"${PODS_ROOT}/Manifest.lock",
			);
			name = "[CP] Check Pods Manifest.lock";
			outputFileListPaths = (
			);
			outputPaths = (
				"$(DERIVED_FILE_DIR)/Pods-RappiPlayTests-checkManifestLockResult.txt",
			);
			runOnlyForDeploymentPostprocessing = 0;
			shellPath = /bin/sh;
			shellScript = "diff \"${PODS_PODFILE_DIR_PATH}/Podfile.lock\" \"${PODS_ROOT}/Manifest.lock\" > /dev/null\nif [ $? != 0 ] ; then\n    # print error to STDERR\n    echo \"error: The sandbox is not in sync with the Podfile.lock. Run 'pod install' or update your CocoaPods installation.\" >&2\n    exit 1\nfi\n# This output is used by Xcode 'outputs' to avoid re-running this script phase.\necho \"SUCCESS\" > \"${SCRIPT_OUTPUT_FILE_0}\"\n";
			showEnvVarsInLog = 0;
		};
		8E356CB5045F058F9F94B48B /* [CP] Embed Pods Frameworks */ = {
			isa = PBXShellScriptBuildPhase;
			buildActionMask = 2147483647;
			files = (
			);
			inputFileListPaths = (
				"${PODS_ROOT}/Target Support Files/Pods-RappiPlay-RappiPlayUITests/Pods-RappiPlay-RappiPlayUITests-frameworks-${CONFIGURATION}-input-files.xcfilelist",
			);
			name = "[CP] Embed Pods Frameworks";
			outputFileListPaths = (
				"${PODS_ROOT}/Target Support Files/Pods-RappiPlay-RappiPlayUITests/Pods-RappiPlay-RappiPlayUITests-frameworks-${CONFIGURATION}-output-files.xcfilelist",
			);
			runOnlyForDeploymentPostprocessing = 0;
			shellPath = /bin/sh;
			shellScript = "\"${PODS_ROOT}/Target Support Files/Pods-RappiPlay-RappiPlayUITests/Pods-RappiPlay-RappiPlayUITests-frameworks.sh\"\n";
			showEnvVarsInLog = 0;
		};
		8E6C41143AFC74AE1D835B0D /* [CP] Check Pods Manifest.lock */ = {
			isa = PBXShellScriptBuildPhase;
			buildActionMask = 2147483647;
			files = (
			);
			inputFileListPaths = (
			);
			inputPaths = (
				"${PODS_PODFILE_DIR_PATH}/Podfile.lock",
				"${PODS_ROOT}/Manifest.lock",
			);
			name = "[CP] Check Pods Manifest.lock";
			outputFileListPaths = (
			);
			outputPaths = (
				"$(DERIVED_FILE_DIR)/Pods-RappiPlay-checkManifestLockResult.txt",
			);
			runOnlyForDeploymentPostprocessing = 0;
			shellPath = /bin/sh;
			shellScript = "diff \"${PODS_PODFILE_DIR_PATH}/Podfile.lock\" \"${PODS_ROOT}/Manifest.lock\" > /dev/null\nif [ $? != 0 ] ; then\n    # print error to STDERR\n    echo \"error: The sandbox is not in sync with the Podfile.lock. Run 'pod install' or update your CocoaPods installation.\" >&2\n    exit 1\nfi\n# This output is used by Xcode 'outputs' to avoid re-running this script phase.\necho \"SUCCESS\" > \"${SCRIPT_OUTPUT_FILE_0}\"\n";
			showEnvVarsInLog = 0;
		};
/* End PBXShellScriptBuildPhase section */

/* Begin PBXSourcesBuildPhase section */
		F03D353D27155CA700681286 /* Sources */ = {
			isa = PBXSourcesBuildPhase;
			buildActionMask = 2147483647;
			files = (
				F03D354927155CA700681286 /* ViewController.swift in Sources */,
				F03D354527155CA700681286 /* AppDelegate.swift in Sources */,
				F03D35C22716CBA500681286 /* UrlImageView.swift in Sources */,
				F03D35AB2715652E00681286 /* MovieService.swift in Sources */,
				F03D354727155CA700681286 /* SceneDelegate.swift in Sources */,
				F03D35C02716CBA500681286 /* ViewControllerExtension.swift in Sources */,
				F03D35B62716BC9A00681286 /* LandingViewController.swift in Sources */,
				F03D35B82716BC9A00681286 /* CategoryCollectionViewCell.swift in Sources */,
				F03D35B42716BC9A00681286 /* LandingModel.swift in Sources */,
			);
			runOnlyForDeploymentPostprocessing = 0;
		};
		F03D355327155CB200681286 /* Sources */ = {
			isa = PBXSourcesBuildPhase;
			buildActionMask = 2147483647;
			files = (
				F03D35B52716BC9A00681286 /* LandingModel.swift in Sources */,
				F03D35B92716BC9A00681286 /* CategoryCollectionViewCell.swift in Sources */,
				F03D35C12716CBA500681286 /* ViewControllerExtension.swift in Sources */,
				F03D35AC2715652E00681286 /* MovieService.swift in Sources */,
				F03D35B72716BC9A00681286 /* LandingViewController.swift in Sources */,
				F03D355C27155CB200681286 /* RappiPlayTests.swift in Sources */,
				F03D35C32716CBA500681286 /* UrlImageView.swift in Sources */,
			);
			runOnlyForDeploymentPostprocessing = 0;
		};
		F03D355E27155CB200681286 /* Sources */ = {
			isa = PBXSourcesBuildPhase;
			buildActionMask = 2147483647;
			files = (
				F03D356727155CB200681286 /* RappiPlayUITests.swift in Sources */,
			);
			runOnlyForDeploymentPostprocessing = 0;
		};
/* End PBXSourcesBuildPhase section */

/* Begin PBXTargetDependency section */
		F03D355927155CB200681286 /* PBXTargetDependency */ = {
			isa = PBXTargetDependency;
			target = F03D354027155CA700681286 /* RappiPlay */;
			targetProxy = F03D355827155CB200681286 /* PBXContainerItemProxy */;
		};
		F03D356427155CB200681286 /* PBXTargetDependency */ = {
			isa = PBXTargetDependency;
			target = F03D354027155CA700681286 /* RappiPlay */;
			targetProxy = F03D356327155CB200681286 /* PBXContainerItemProxy */;
		};
/* End PBXTargetDependency section */

/* Begin PBXVariantGroup section */
		F03D354A27155CA700681286 /* Main.storyboard */ = {
			isa = PBXVariantGroup;
			children = (
				F03D354B27155CA700681286 /* Base */,
			);
			name = Main.storyboard;
			sourceTree = "<group>";
		};
		F03D354F27155CB200681286 /* LaunchScreen.storyboard */ = {
			isa = PBXVariantGroup;
			children = (
				F03D355027155CB200681286 /* Base */,
			);
			name = LaunchScreen.storyboard;
			sourceTree = "<group>";
		};
/* End PBXVariantGroup section */

/* Begin XCBuildConfiguration section */
		F03D356927155CB200681286 /* Debug */ = {
			isa = XCBuildConfiguration;
			buildSettings = {
				ALWAYS_SEARCH_USER_PATHS = NO;
				CLANG_ANALYZER_NONNULL = YES;
				CLANG_ANALYZER_NUMBER_OBJECT_CONVERSION = YES_AGGRESSIVE;
				CLANG_CXX_LANGUAGE_STANDARD = "gnu++14";
				CLANG_CXX_LIBRARY = "libc++";
				CLANG_ENABLE_MODULES = YES;
				CLANG_ENABLE_OBJC_ARC = YES;
				CLANG_ENABLE_OBJC_WEAK = YES;
				CLANG_WARN_BLOCK_CAPTURE_AUTORELEASING = YES;
				CLANG_WARN_BOOL_CONVERSION = YES;
				CLANG_WARN_COMMA = YES;
				CLANG_WARN_CONSTANT_CONVERSION = YES;
				CLANG_WARN_DEPRECATED_OBJC_IMPLEMENTATIONS = YES;
				CLANG_WARN_DIRECT_OBJC_ISA_USAGE = YES_ERROR;
				CLANG_WARN_DOCUMENTATION_COMMENTS = YES;
				CLANG_WARN_EMPTY_BODY = YES;
				CLANG_WARN_ENUM_CONVERSION = YES;
				CLANG_WARN_INFINITE_RECURSION = YES;
				CLANG_WARN_INT_CONVERSION = YES;
				CLANG_WARN_NON_LITERAL_NULL_CONVERSION = YES;
				CLANG_WARN_OBJC_IMPLICIT_RETAIN_SELF = YES;
				CLANG_WARN_OBJC_LITERAL_CONVERSION = YES;
				CLANG_WARN_OBJC_ROOT_CLASS = YES_ERROR;
				CLANG_WARN_QUOTED_INCLUDE_IN_FRAMEWORK_HEADER = YES;
				CLANG_WARN_RANGE_LOOP_ANALYSIS = YES;
				CLANG_WARN_STRICT_PROTOTYPES = YES;
				CLANG_WARN_SUSPICIOUS_MOVE = YES;
				CLANG_WARN_UNGUARDED_AVAILABILITY = YES_AGGRESSIVE;
				CLANG_WARN_UNREACHABLE_CODE = YES;
				CLANG_WARN__DUPLICATE_METHOD_MATCH = YES;
				COPY_PHASE_STRIP = NO;
				DEBUG_INFORMATION_FORMAT = dwarf;
				ENABLE_STRICT_OBJC_MSGSEND = YES;
				ENABLE_TESTABILITY = YES;
				GCC_C_LANGUAGE_STANDARD = gnu11;
				GCC_DYNAMIC_NO_PIC = NO;
				GCC_NO_COMMON_BLOCKS = YES;
				GCC_OPTIMIZATION_LEVEL = 0;
				GCC_PREPROCESSOR_DEFINITIONS = (
					"DEBUG=1",
					"$(inherited)",
				);
				GCC_WARN_64_TO_32_BIT_CONVERSION = YES;
				GCC_WARN_ABOUT_RETURN_TYPE = YES_ERROR;
				GCC_WARN_UNDECLARED_SELECTOR = YES;
				GCC_WARN_UNINITIALIZED_AUTOS = YES_AGGRESSIVE;
				GCC_WARN_UNUSED_FUNCTION = YES;
				GCC_WARN_UNUSED_VARIABLE = YES;
				IPHONEOS_DEPLOYMENT_TARGET = 14.4;
				MTL_ENABLE_DEBUG_INFO = INCLUDE_SOURCE;
				MTL_FAST_MATH = YES;
				ONLY_ACTIVE_ARCH = YES;
				SDKROOT = iphoneos;
				SWIFT_ACTIVE_COMPILATION_CONDITIONS = DEBUG;
				SWIFT_OPTIMIZATION_LEVEL = "-Onone";
			};
			name = Debug;
		};
		F03D356A27155CB200681286 /* Release */ = {
			isa = XCBuildConfiguration;
			buildSettings = {
				ALWAYS_SEARCH_USER_PATHS = NO;
				CLANG_ANALYZER_NONNULL = YES;
				CLANG_ANALYZER_NUMBER_OBJECT_CONVERSION = YES_AGGRESSIVE;
				CLANG_CXX_LANGUAGE_STANDARD = "gnu++14";
				CLANG_CXX_LIBRARY = "libc++";
				CLANG_ENABLE_MODULES = YES;
				CLANG_ENABLE_OBJC_ARC = YES;
				CLANG_ENABLE_OBJC_WEAK = YES;
				CLANG_WARN_BLOCK_CAPTURE_AUTORELEASING = YES;
				CLANG_WARN_BOOL_CONVERSION = YES;
				CLANG_WARN_COMMA = YES;
				CLANG_WARN_CONSTANT_CONVERSION = YES;
				CLANG_WARN_DEPRECATED_OBJC_IMPLEMENTATIONS = YES;
				CLANG_WARN_DIRECT_OBJC_ISA_USAGE = YES_ERROR;
				CLANG_WARN_DOCUMENTATION_COMMENTS = YES;
				CLANG_WARN_EMPTY_BODY = YES;
				CLANG_WARN_ENUM_CONVERSION = YES;
				CLANG_WARN_INFINITE_RECURSION = YES;
				CLANG_WARN_INT_CONVERSION = YES;
				CLANG_WARN_NON_LITERAL_NULL_CONVERSION = YES;
				CLANG_WARN_OBJC_IMPLICIT_RETAIN_SELF = YES;
				CLANG_WARN_OBJC_LITERAL_CONVERSION = YES;
				CLANG_WARN_OBJC_ROOT_CLASS = YES_ERROR;
				CLANG_WARN_QUOTED_INCLUDE_IN_FRAMEWORK_HEADER = YES;
				CLANG_WARN_RANGE_LOOP_ANALYSIS = YES;
				CLANG_WARN_STRICT_PROTOTYPES = YES;
				CLANG_WARN_SUSPICIOUS_MOVE = YES;
				CLANG_WARN_UNGUARDED_AVAILABILITY = YES_AGGRESSIVE;
				CLANG_WARN_UNREACHABLE_CODE = YES;
				CLANG_WARN__DUPLICATE_METHOD_MATCH = YES;
				COPY_PHASE_STRIP = NO;
				DEBUG_INFORMATION_FORMAT = "dwarf-with-dsym";
				ENABLE_NS_ASSERTIONS = NO;
				ENABLE_STRICT_OBJC_MSGSEND = YES;
				GCC_C_LANGUAGE_STANDARD = gnu11;
				GCC_NO_COMMON_BLOCKS = YES;
				GCC_WARN_64_TO_32_BIT_CONVERSION = YES;
				GCC_WARN_ABOUT_RETURN_TYPE = YES_ERROR;
				GCC_WARN_UNDECLARED_SELECTOR = YES;
				GCC_WARN_UNINITIALIZED_AUTOS = YES_AGGRESSIVE;
				GCC_WARN_UNUSED_FUNCTION = YES;
				GCC_WARN_UNUSED_VARIABLE = YES;
				IPHONEOS_DEPLOYMENT_TARGET = 14.4;
				MTL_ENABLE_DEBUG_INFO = NO;
				MTL_FAST_MATH = YES;
				SDKROOT = iphoneos;
				SWIFT_COMPILATION_MODE = wholemodule;
				SWIFT_OPTIMIZATION_LEVEL = "-O";
				VALIDATE_PRODUCT = YES;
			};
			name = Release;
		};
		F03D356C27155CB200681286 /* Debug */ = {
			isa = XCBuildConfiguration;
			baseConfigurationReference = 5E3DC727A91712661BE5DAE6 /* Pods-RappiPlay.debug.xcconfig */;
			buildSettings = {
				ASSETCATALOG_COMPILER_APPICON_NAME = AppIcon;
				ASSETCATALOG_COMPILER_GLOBAL_ACCENT_COLOR_NAME = AccentColor;
				CODE_SIGN_STYLE = Automatic;
				DEVELOPMENT_TEAM = 38F2GJD5G9;
				INFOPLIST_FILE = RappiPlay/Info.plist;
				LD_RUNPATH_SEARCH_PATHS = (
					"$(inherited)",
					"@executable_path/Frameworks",
				);
				PRODUCT_BUNDLE_IDENTIFIER = jmiranda.RappiPlay;
				PRODUCT_NAME = "$(TARGET_NAME)";
				SWIFT_VERSION = 5.0;
				TARGETED_DEVICE_FAMILY = "1,2";
			};
			name = Debug;
		};
		F03D356D27155CB200681286 /* Release */ = {
			isa = XCBuildConfiguration;
			baseConfigurationReference = 4B35118A7AA8938BA779E01D /* Pods-RappiPlay.release.xcconfig */;
			buildSettings = {
				ASSETCATALOG_COMPILER_APPICON_NAME = AppIcon;
				ASSETCATALOG_COMPILER_GLOBAL_ACCENT_COLOR_NAME = AccentColor;
				CODE_SIGN_STYLE = Automatic;
				DEVELOPMENT_TEAM = 38F2GJD5G9;
				INFOPLIST_FILE = RappiPlay/Info.plist;
				LD_RUNPATH_SEARCH_PATHS = (
					"$(inherited)",
					"@executable_path/Frameworks",
				);
				PRODUCT_BUNDLE_IDENTIFIER = jmiranda.RappiPlay;
				PRODUCT_NAME = "$(TARGET_NAME)";
				SWIFT_VERSION = 5.0;
				TARGETED_DEVICE_FAMILY = "1,2";
			};
			name = Release;
		};
		F03D356F27155CB200681286 /* Debug */ = {
			isa = XCBuildConfiguration;
			baseConfigurationReference = 5631E1A9E603AFDE71AA7B73 /* Pods-RappiPlayTests.debug.xcconfig */;
			buildSettings = {
				ALWAYS_EMBED_SWIFT_STANDARD_LIBRARIES = YES;
				BUNDLE_LOADER = "$(TEST_HOST)";
				CODE_SIGN_STYLE = Automatic;
				DEVELOPMENT_TEAM = 38F2GJD5G9;
				INFOPLIST_FILE = RappiPlayTests/Info.plist;
				IPHONEOS_DEPLOYMENT_TARGET = 14.4;
				LD_RUNPATH_SEARCH_PATHS = (
					"$(inherited)",
					"@executable_path/Frameworks",
					"@loader_path/Frameworks",
				);
				PRODUCT_BUNDLE_IDENTIFIER = jmiranda.RappiPlayTests;
				PRODUCT_NAME = "$(TARGET_NAME)";
				SWIFT_VERSION = 5.0;
				TARGETED_DEVICE_FAMILY = "1,2";
				TEST_HOST = "$(BUILT_PRODUCTS_DIR)/RappiPlay.app/RappiPlay";
			};
			name = Debug;
		};
		F03D357027155CB200681286 /* Release */ = {
			isa = XCBuildConfiguration;
			baseConfigurationReference = 2B087D2A593A1664EF33D5A5 /* Pods-RappiPlayTests.release.xcconfig */;
			buildSettings = {
				ALWAYS_EMBED_SWIFT_STANDARD_LIBRARIES = YES;
				BUNDLE_LOADER = "$(TEST_HOST)";
				CODE_SIGN_STYLE = Automatic;
				DEVELOPMENT_TEAM = 38F2GJD5G9;
				INFOPLIST_FILE = RappiPlayTests/Info.plist;
				IPHONEOS_DEPLOYMENT_TARGET = 14.4;
				LD_RUNPATH_SEARCH_PATHS = (
					"$(inherited)",
					"@executable_path/Frameworks",
					"@loader_path/Frameworks",
				);
				PRODUCT_BUNDLE_IDENTIFIER = jmiranda.RappiPlayTests;
				PRODUCT_NAME = "$(TARGET_NAME)";
				SWIFT_VERSION = 5.0;
				TARGETED_DEVICE_FAMILY = "1,2";
				TEST_HOST = "$(BUILT_PRODUCTS_DIR)/RappiPlay.app/RappiPlay";
			};
			name = Release;
		};
		F03D357227155CB200681286 /* Debug */ = {
			isa = XCBuildConfiguration;
			baseConfigurationReference = A4F3FBAC400123F917A7655B /* Pods-RappiPlay-RappiPlayUITests.debug.xcconfig */;
			buildSettings = {
				ALWAYS_EMBED_SWIFT_STANDARD_LIBRARIES = YES;
				CODE_SIGN_STYLE = Automatic;
				DEVELOPMENT_TEAM = 38F2GJD5G9;
				INFOPLIST_FILE = RappiPlayUITests/Info.plist;
				LD_RUNPATH_SEARCH_PATHS = (
					"$(inherited)",
					"@executable_path/Frameworks",
					"@loader_path/Frameworks",
				);
				PRODUCT_BUNDLE_IDENTIFIER = jmiranda.RappiPlayUITests;
				PRODUCT_NAME = "$(TARGET_NAME)";
				SWIFT_VERSION = 5.0;
				TARGETED_DEVICE_FAMILY = "1,2";
				TEST_TARGET_NAME = RappiPlay;
			};
			name = Debug;
		};
		F03D357327155CB200681286 /* Release */ = {
			isa = XCBuildConfiguration;
			baseConfigurationReference = 288F5147EB946FEF67B8516F /* Pods-RappiPlay-RappiPlayUITests.release.xcconfig */;
			buildSettings = {
				ALWAYS_EMBED_SWIFT_STANDARD_LIBRARIES = YES;
				CODE_SIGN_STYLE = Automatic;
				DEVELOPMENT_TEAM = 38F2GJD5G9;
				INFOPLIST_FILE = RappiPlayUITests/Info.plist;
				LD_RUNPATH_SEARCH_PATHS = (
					"$(inherited)",
					"@executable_path/Frameworks",
					"@loader_path/Frameworks",
				);
				PRODUCT_BUNDLE_IDENTIFIER = jmiranda.RappiPlayUITests;
				PRODUCT_NAME = "$(TARGET_NAME)";
				SWIFT_VERSION = 5.0;
				TARGETED_DEVICE_FAMILY = "1,2";
				TEST_TARGET_NAME = RappiPlay;
			};
			name = Release;
		};
/* End XCBuildConfiguration section */

/* Begin XCConfigurationList section */
		F03D353C27155CA700681286 /* Build configuration list for PBXProject "RappiPlay" */ = {
			isa = XCConfigurationList;
			buildConfigurations = (
				F03D356927155CB200681286 /* Debug */,
				F03D356A27155CB200681286 /* Release */,
			);
			defaultConfigurationIsVisible = 0;
			defaultConfigurationName = Release;
		};
		F03D356B27155CB200681286 /* Build configuration list for PBXNativeTarget "RappiPlay" */ = {
			isa = XCConfigurationList;
			buildConfigurations = (
				F03D356C27155CB200681286 /* Debug */,
				F03D356D27155CB200681286 /* Release */,
			);
			defaultConfigurationIsVisible = 0;
			defaultConfigurationName = Release;
		};
		F03D356E27155CB200681286 /* Build configuration list for PBXNativeTarget "RappiPlayTests" */ = {
			isa = XCConfigurationList;
			buildConfigurations = (
				F03D356F27155CB200681286 /* Debug */,
				F03D357027155CB200681286 /* Release */,
			);
			defaultConfigurationIsVisible = 0;
			defaultConfigurationName = Release;
		};
		F03D357127155CB200681286 /* Build configuration list for PBXNativeTarget "RappiPlayUITests" */ = {
			isa = XCConfigurationList;
			buildConfigurations = (
				F03D357227155CB200681286 /* Debug */,
				F03D357327155CB200681286 /* Release */,
			);
			defaultConfigurationIsVisible = 0;
			defaultConfigurationName = Release;
		};
/* End XCConfigurationList section */
	};
	rootObject = F03D353927155CA700681286 /* Project object */;
}
